
Microsoft Visual Studio Solution File, Format Version 12.00
# Visual Studio Version 17
VisualStudioVersion = 17.5.002.0
MinimumVisualStudioVersion = 10.0.40219.1
Project("{9A19103F-16F7-4668-BE54-9A1E7A4F7556}") = "teste-pratico-crud-api", "teste-pratico-crud-api.csproj", "{4837D83F-AAEF-4425-9F40-241494226943}"
EndProject
Global
	GlobalSection(SolutionConfigurationPlatforms) = preSolution
		Debug|Any CPU = Debug|Any CPU
		Release|Any CPU = Release|Any CPU
	EndGlobalSection
	GlobalSection(ProjectConfigurationPlatforms) = postSolution
		{4837D83F-AAEF-4425-9F40-241494226943}.Debug|Any CPU.ActiveCfg = Debug|Any CPU
		{4837D83F-AAEF-4425-9F40-241494226943}.Debug|Any CPU.Build.0 = Debug|Any CPU
		{4837D83F-AAEF-4425-9F40-241494226943}.Release|Any CPU.ActiveCfg = Release|Any CPU
		{4837D83F-AAEF-4425-9F40-241494226943}.Release|Any CPU.Build.0 = Release|Any CPU
	EndGlobalSection
	GlobalSection(SolutionProperties) = preSolution
		HideSolutionNode = FALSE
	EndGlobalSection
	GlobalSection(ExtensibilityGlobals) = postSolution
		SolutionGuid = {F9DA4F90-793C-43D9-94EB-3494F18419AF}
	EndGlobalSection
EndGlobal
